// !$*UTF8*$!
{
	archiveVersion = 1;
	classes = {
	};
	objectVersion = 46;
	objects = {

/* Begin PBXBuildFile section */
		24D98B711BD61FC200EE79EA /* main.m in Sources */ = {isa = PBXBuildFile; fileRef = 24D98B701BD61FC200EE79EA /* main.m */; };
		24D98B741BD61FC200EE79EA /* AppDelegate.m in Sources */ = {isa = PBXBuildFile; fileRef = 24D98B731BD61FC200EE79EA /* AppDelegate.m */; };
		24D98B771BD61FC200EE79EA /* ViewController.m in Sources */ = {isa = PBXBuildFile; fileRef = 24D98B761BD61FC200EE79EA /* ViewController.m */; };
		24D98B7A1BD61FC200EE79EA /* Main.storyboard in Resources */ = {isa = PBXBuildFile; fileRef = 24D98B781BD61FC200EE79EA /* Main.storyboard */; };
		24D98B7D1BD61FC200EE79EA /* iShareNotes.xcdatamodeld in Sources */ = {isa = PBXBuildFile; fileRef = 24D98B7B1BD61FC200EE79EA /* iShareNotes.xcdatamodeld */; };
		24D98B7F1BD61FC200EE79EA /* Assets.xcassets in Resources */ = {isa = PBXBuildFile; fileRef = 24D98B7E1BD61FC200EE79EA /* Assets.xcassets */; };
		24D98B821BD61FC200EE79EA /* LaunchScreen.storyboard in Resources */ = {isa = PBXBuildFile; fileRef = 24D98B801BD61FC200EE79EA /* LaunchScreen.storyboard */; };
		24D98B8D1BD61FC200EE79EA /* iShareNotesTests.m in Sources */ = {isa = PBXBuildFile; fileRef = 24D98B8C1BD61FC200EE79EA /* iShareNotesTests.m */; };
		24D98B981BD61FC200EE79EA /* iShareNotesUITests.m in Sources */ = {isa = PBXBuildFile; fileRef = 24D98B971BD61FC200EE79EA /* iShareNotesUITests.m */; };
/* End PBXBuildFile section */

/* Begin PBXContainerItemProxy section */
		24D98B891BD61FC200EE79EA /* PBXContainerItemProxy */ = {
			isa = PBXContainerItemProxy;
			containerPortal = 24D98B641BD61FC200EE79EA /* Project object */;
			proxyType = 1;
			remoteGlobalIDString = 24D98B6B1BD61FC200EE79EA;
			remoteInfo = iShareNotes;
		};
		24D98B941BD61FC200EE79EA /* PBXContainerItemProxy */ = {
			isa = PBXContainerItemProxy;
			containerPortal = 24D98B641BD61FC200EE79EA /* Project object */;
			proxyType = 1;
			remoteGlobalIDString = 24D98B6B1BD61FC200EE79EA;
			remoteInfo = iShareNotes;
		};
/* End PBXContainerItemProxy section */

/* Begin PBXFileReference section */
		24D98B6C1BD61FC200EE79EA /* iShareNotes.app */ = {isa = PBXFileReference; explicitFileType = wrapper.application; includeInIndex = 0; path = iShareNotes.app; sourceTree = BUILT_PRODUCTS_DIR; };
		24D98B701BD61FC200EE79EA /* main.m */ = {isa = PBXFileReference; lastKnownFileType = sourcecode.c.objc; path = main.m; sourceTree = "<group>"; };
		24D98B721BD61FC200EE79EA /* AppDelegate.h */ = {isa = PBXFileReference; lastKnownFileType = sourcecode.c.h; path = AppDelegate.h; sourceTree = "<group>"; };
		24D98B731BD61FC200EE79EA /* AppDelegate.m */ = {isa = PBXFileReference; lastKnownFileType = sourcecode.c.objc; path = AppDelegate.m; sourceTree = "<group>"; };
		24D98B751BD61FC200EE79EA /* ViewController.h */ = {isa = PBXFileReference; lastKnownFileType = sourcecode.c.h; path = ViewController.h; sourceTree = "<group>"; };
		24D98B761BD61FC200EE79EA /* ViewController.m */ = {isa = PBXFileReference; lastKnownFileType = sourcecode.c.objc; path = ViewController.m; sourceTree = "<group>"; };
		24D98B791BD61FC200EE79EA /* Base */ = {isa = PBXFileReference; lastKnownFileType = file.storyboard; name = Base; path = Base.lproj/Main.storyboard; sourceTree = "<group>"; };
		24D98B7C1BD61FC200EE79EA /* iShareNotes.xcdatamodel */ = {isa = PBXFileReference; lastKnownFileType = wrapper.xcdatamodel; path = iShareNotes.xcdatamodel; sourceTree = "<group>"; };
		24D98B7E1BD61FC200EE79EA /* Assets.xcassets */ = {isa = PBXFileReference; lastKnownFileType = folder.assetcatalog; path = Assets.xcassets; sourceTree = "<group>"; };
		24D98B811BD61FC200EE79EA /* Base */ = {isa = PBXFileReference; lastKnownFileType = file.storyboard; name = Base; path = Base.lproj/LaunchScreen.storyboard; sourceTree = "<group>"; };
		24D98B831BD61FC200EE79EA /* Info.plist */ = {isa = PBXFileReference; lastKnownFileType = text.plist.xml; path = Info.plist; sourceTree = "<group>"; };
		24D98B881BD61FC200EE79EA /* iShareNotesTests.xctest */ = {isa = PBXFileReference; explicitFileType = wrapper.cfbundle; includeInIndex = 0; path = iShareNotesTests.xctest; sourceTree = BUILT_PRODUCTS_DIR; };
		24D98B8C1BD61FC200EE79EA /* iShareNotesTests.m */ = {isa = PBXFileReference; lastKnownFileType = sourcecode.c.objc; path = iShareNotesTests.m; sourceTree = "<group>"; };
		24D98B8E1BD61FC200EE79EA /* Info.plist */ = {isa = PBXFileReference; lastKnownFileType = text.plist.xml; path = Info.plist; sourceTree = "<group>"; };
		24D98B931BD61FC200EE79EA /* iShareNotesUITests.xctest */ = {isa = PBXFileReference; explicitFileType = wrapper.cfbundle; includeInIndex = 0; path = iShareNotesUITests.xctest; sourceTree = BUILT_PRODUCTS_DIR; };
		24D98B971BD61FC200EE79EA /* iShareNotesUITests.m */ = {isa = PBXFileReference; lastKnownFileType = sourcecode.c.objc; path = iShareNotesUITests.m; sourceTree = "<group>"; };
		24D98B991BD61FC200EE79EA /* Info.plist */ = {isa = PBXFileReference; lastKnownFileType = text.plist.xml; path = Info.plist; sourceTree = "<group>"; };
/* End PBXFileReference section */

/* Begin PBXFrameworksBuildPhase section */
		24D98B691BD61FC200EE79EA /* Frameworks */ = {
			isa = PBXFrameworksBuildPhase;
			buildActionMask = 2147483647;
			files = (
			);
			runOnlyForDeploymentPostprocessing = 0;
		};
		24D98B851BD61FC200EE79EA /* Frameworks */ = {
			isa = PBXFrameworksBuildPhase;
			buildActionMask = 2147483647;
			files = (
			);
			runOnlyForDeploymentPostprocessing = 0;
		};
		24D98B901BD61FC200EE79EA /* Frameworks */ = {
			isa = PBXFrameworksBuildPhase;
			buildActionMask = 2147483647;
			files = (
			);
			runOnlyForDeploymentPostprocessing = 0;
		};
/* End PBXFrameworksBuildPhase section */

/* Begin PBXGroup section */
		24D98B631BD61FC200EE79EA = {
			isa = PBXGroup;
			children = (
				24D98B6E1BD61FC200EE79EA /* iShareNotes */,
				24D98B8B1BD61FC200EE79EA /* iShareNotesTests */,
				24D98B961BD61FC200EE79EA /* iShareNotesUITests */,
				24D98B6D1BD61FC200EE79EA /* Products */,
			);
			sourceTree = "<group>";
		};
		24D98B6D1BD61FC200EE79EA /* Products */ = {
			isa = PBXGroup;
			children = (
				24D98B6C1BD61FC200EE79EA /* iShareNotes.app */,
				24D98B881BD61FC200EE79EA /* iShareNotesTests.xctest */,
				24D98B931BD61FC200EE79EA /* iShareNotesUITests.xctest */,
			);
			name = Products;
			sourceTree = "<group>";
		};
		24D98B6E1BD61FC200EE79EA /* iShareNotes */ = {
			isa = PBXGroup;
			children = (
				24D98B721BD61FC200EE79EA /* AppDelegate.h */,
				24D98B731BD61FC200EE79EA /* AppDelegate.m */,
				24D98B751BD61FC200EE79EA /* ViewController.h */,
				24D98B761BD61FC200EE79EA /* ViewController.m */,
				24D98B781BD61FC200EE79EA /* Main.storyboard */,
				24D98B7E1BD61FC200EE79EA /* Assets.xcassets */,
				24D98B801BD61FC200EE79EA /* LaunchScreen.storyboard */,
				24D98B831BD61FC200EE79EA /* Info.plist */,
				24D98B7B1BD61FC200EE79EA /* iShareNotes.xcdatamodeld */,
				24D98B6F1BD61FC200EE79EA /* Supporting Files */,
			);
			path = iShareNotes;
			sourceTree = "<group>";
		};
		24D98B6F1BD61FC200EE79EA /* Supporting Files */ = {
			isa = PBXGroup;
			children = (
				24D98B701BD61FC200EE79EA /* main.m */,
			);
			name = "Supporting Files";
			sourceTree = "<group>";
		};
		24D98B8B1BD61FC200EE79EA /* iShareNotesTests */ = {
			isa = PBXGroup;
			children = (
				24D98B8C1BD61FC200EE79EA /* iShareNotesTests.m */,
				24D98B8E1BD61FC200EE79EA /* Info.plist */,
			);
			path = iShareNotesTests;
			sourceTree = "<group>";
		};
		24D98B961BD61FC200EE79EA /* iShareNotesUITests */ = {
			isa = PBXGroup;
			children = (
				24D98B971BD61FC200EE79EA /* iShareNotesUITests.m */,
				24D98B991BD61FC200EE79EA /* Info.plist */,
			);
			path = iShareNotesUITests;
			sourceTree = "<group>";
		};
/* End PBXGroup section */

/* Begin PBXNativeTarget section */
		24D98B6B1BD61FC200EE79EA /* iShareNotes */ = {
			isa = PBXNativeTarget;
			buildConfigurationList = 24D98B9C1BD61FC200EE79EA /* Build configuration list for PBXNativeTarget "iShareNotes" */;
			buildPhases = (
				24D98B681BD61FC200EE79EA /* Sources */,
				24D98B691BD61FC200EE79EA /* Frameworks */,
				24D98B6A1BD61FC200EE79EA /* Resources */,
			);
			buildRules = (
			);
			dependencies = (
			);
			name = iShareNotes;
			productName = iShareNotes;
			productReference = 24D98B6C1BD61FC200EE79EA /* iShareNotes.app */;
			productType = "com.apple.product-type.application";
		};
		24D98B871BD61FC200EE79EA /* iShareNotesTests */ = {
			isa = PBXNativeTarget;
			buildConfigurationList = 24D98B9F1BD61FC200EE79EA /* Build configuration list for PBXNativeTarget "iShareNotesTests" */;
			buildPhases = (
				24D98B841BD61FC200EE79EA /* Sources */,
				24D98B851BD61FC200EE79EA /* Frameworks */,
				24D98B861BD61FC200EE79EA /* Resources */,
			);
			buildRules = (
			);
			dependencies = (
				24D98B8A1BD61FC200EE79EA /* PBXTargetDependency */,
			);
			name = iShareNotesTests;
			productName = iShareNotesTests;
			productReference = 24D98B881BD61FC200EE79EA /* iShareNotesTests.xctest */;
			productType = "com.apple.product-type.bundle.unit-test";
		};
		24D98B921BD61FC200EE79EA /* iShareNotesUITests */ = {
			isa = PBXNativeTarget;
			buildConfigurationList = 24D98BA21BD61FC200EE79EA /* Build configuration list for PBXNativeTarget "iShareNotesUITests" */;
			buildPhases = (
				24D98B8F1BD61FC200EE79EA /* Sources */,
				24D98B901BD61FC200EE79EA /* Frameworks */,
				24D98B911BD61FC200EE79EA /* Resources */,
			);
			buildRules = (
			);
			dependencies = (
				24D98B951BD61FC200EE79EA /* PBXTargetDependency */,
			);
			name = iShareNotesUITests;
			productName = iShareNotesUITests;
			productReference = 24D98B931BD61FC200EE79EA /* iShareNotesUITests.xctest */;
			productType = "com.apple.product-type.bundle.ui-testing";
		};
/* End PBXNativeTarget section */

/* Begin PBXProject section */
		24D98B641BD61FC200EE79EA /* Project object */ = {
			isa = PBXProject;
			attributes = {
				LastUpgradeCheck = 0710;
				ORGANIZATIONNAME = "Prashanna Raghavan";
				TargetAttributes = {
					24D98B6B1BD61FC200EE79EA = {
						CreatedOnToolsVersion = 7.1;
					};
					24D98B871BD61FC200EE79EA = {
						CreatedOnToolsVersion = 7.1;
						TestTargetID = 24D98B6B1BD61FC200EE79EA;
					};
					24D98B921BD61FC200EE79EA = {
						CreatedOnToolsVersion = 7.1;
						TestTargetID = 24D98B6B1BD61FC200EE79EA;
					};
				};
			};
			buildConfigurationList = 24D98B671BD61FC200EE79EA /* Build configuration list for PBXProject "iShareNotes" */;
			compatibilityVersion = "Xcode 3.2";
			developmentRegion = English;
			hasScannedForEncodings = 0;
			knownRegions = (
				en,
				Base,
			);
			mainGroup = 24D98B631BD61FC200EE79EA;
			productRefGroup = 24D98B6D1BD61FC200EE79EA /* Products */;
			projectDirPath = "";
			projectRoot = "";
			targets = (
				24D98B6B1BD61FC200EE79EA /* iShareNotes */,
				24D98B871BD61FC200EE79EA /* iShareNotesTests */,
				24D98B921BD61FC200EE79EA /* iShareNotesUITests */,
			);
		};
/* End PBXProject section */

/* Begin PBXResourcesBuildPhase section */
		24D98B6A1BD61FC200EE79EA /* Resources */ = {
			isa = PBXResourcesBuildPhase;
			buildActionMask = 2147483647;
			files = (
				24D98B821BD61FC200EE79EA /* LaunchScreen.storyboard in Resources */,
				24D98B7F1BD61FC200EE79EA /* Assets.xcassets in Resources */,
				24D98B7A1BD61FC200EE79EA /* Main.storyboard in Resources */,
			);
			runOnlyForDeploymentPostprocessing = 0;
		};
		24D98B861BD61FC200EE79EA /* Resources */ = {
			isa = PBXResourcesBuildPhase;
			buildActionMask = 2147483647;
			files = (
			);
			runOnlyForDeploymentPostprocessing = 0;
		};
		24D98B911BD61FC200EE79EA /* Resources */ = {
			isa = PBXResourcesBuildPhase;
			buildActionMask = 2147483647;
			files = (
			);
			runOnlyForDeploymentPostprocessing = 0;
		};
/* End PBXResourcesBuildPhase section */

/* Begin PBXSourcesBuildPhase section */
		24D98B681BD61FC200EE79EA /* Sources */ = {
			isa = PBXSourcesBuildPhase;
			buildActionMask = 2147483647;
			files = (
				24D98B771BD61FC200EE79EA /* ViewController.m in Sources */,
				24D98B7D1BD61FC200EE79EA /* iShareNotes.xcdatamodeld in Sources */,
				24D98B741BD61FC200EE79EA /* AppDelegate.m in Sources */,
				24D98B711BD61FC200EE79EA /* main.m in Sources */,
			);
			runOnlyForDeploymentPostprocessing = 0;
		};
		24D98B841BD61FC200EE79EA /* Sources */ = {
			isa = PBXSourcesBuildPhase;
			buildActionMask = 2147483647;
			files = (
				24D98B8D1BD61FC200EE79EA /* iShareNotesTests.m in Sources */,
			);
			runOnlyForDeploymentPostprocessing = 0;
		};
		24D98B8F1BD61FC200EE79EA /* Sources */ = {
			isa = PBXSourcesBuildPhase;
			buildActionMask = 2147483647;
			files = (
				24D98B981BD61FC200EE79EA /* iShareNotesUITests.m in Sources */,
			);
			runOnlyForDeploymentPostprocessing = 0;
		};
/* End PBXSourcesBuildPhase section */

/* Begin PBXTargetDependency section */
		24D98B8A1BD61FC200EE79EA /* PBXTargetDependency */ = {
			isa = PBXTargetDependency;
			target = 24D98B6B1BD61FC200EE79EA /* iShareNotes */;
			targetProxy = 24D98B891BD61FC200EE79EA /* PBXContainerItemProxy */;
		};
		24D98B951BD61FC200EE79EA /* PBXTargetDependency */ = {
			isa = PBXTargetDependency;
			target = 24D98B6B1BD61FC200EE79EA /* iShareNotes */;
			targetProxy = 24D98B941BD61FC200EE79EA /* PBXContainerItemProxy */;
		};
/* End PBXTargetDependency section */

/* Begin PBXVariantGroup section */
		24D98B781BD61FC200EE79EA /* Main.storyboard */ = {
			isa = PBXVariantGroup;
			children = (
				24D98B791BD61FC200EE79EA /* Base */,
			);
			name = Main.storyboard;
			sourceTree = "<group>";
		};
		24D98B801BD61FC200EE79EA /* LaunchScreen.storyboard */ = {
			isa = PBXVariantGroup;
			children = (
				24D98B811BD61FC200EE79EA /* Base */,
			);
			name = LaunchScreen.storyboard;
			sourceTree = "<group>";
		};
/* End PBXVariantGroup section */

/* Begin XCBuildConfiguration section */
		24D98B9A1BD61FC200EE79EA /* Debug */ = {
			isa = XCBuildConfiguration;
			buildSettings = {
				ALWAYS_SEARCH_USER_PATHS = NO;
				CLANG_CXX_LANGUAGE_STANDARD = "gnu++0x";
				CLANG_CXX_LIBRARY = "libc++";
				CLANG_ENABLE_MODULES = YES;
				CLANG_ENABLE_OBJC_ARC = YES;
				CLANG_WARN_BOOL_CONVERSION = YES;
				CLANG_WARN_CONSTANT_CONVERSION = YES;
				CLANG_WARN_DIRECT_OBJC_ISA_USAGE = YES_ERROR;
				CLANG_WARN_EMPTY_BODY = YES;
				CLANG_WARN_ENUM_CONVERSION = YES;
				CLANG_WARN_INT_CONVERSION = YES;
				CLANG_WARN_OBJC_ROOT_CLASS = YES_ERROR;
				CLANG_WARN_UNREACHABLE_CODE = YES;
				CLANG_WARN__DUPLICATE_METHOD_MATCH = YES;
				"CODE_SIGN_IDENTITY[sdk=iphoneos*]" = "iPhone Developer";
				COPY_PHASE_STRIP = NO;
				DEBUG_INFORMATION_FORMAT = dwarf;
				ENABLE_STRICT_OBJC_MSGSEND = YES;
				ENABLE_TESTABILITY = YES;
				GCC_C_LANGUAGE_STANDARD = gnu99;
				GCC_DYNAMIC_NO_PIC = NO;
				GCC_NO_COMMON_BLOCKS = YES;
				GCC_OPTIMIZATION_LEVEL = 0;
				GCC_PREPROCESSOR_DEFINITIONS = (
					"DEBUG=1",
					"$(inherited)",
				);
				GCC_WARN_64_TO_32_BIT_CONVERSION = YES;
				GCC_WARN_ABOUT_RETURN_TYPE = YES_ERROR;
				GCC_WARN_UNDECLARED_SELECTOR = YES;
				GCC_WARN_UNINITIALIZED_AUTOS = YES_AGGRESSIVE;
				GCC_WARN_UNUSED_FUNCTION = YES;
				GCC_WARN_UNUSED_VARIABLE = YES;
				IPHONEOS_DEPLOYMENT_TARGET = 9.1;
				MTL_ENABLE_DEBUG_INFO = YES;
				ONLY_ACTIVE_ARCH = YES;
				SDKROOT = iphoneos;
				TARGETED_DEVICE_FAMILY = "1,2";
			};
			name = Debug;
		};
		24D98B9B1BD61FC200EE79EA /* Release */ = {
			isa = XCBuildConfiguration;
			buildSettings = {
				ALWAYS_SEARCH_USER_PATHS = NO;
				CLANG_CXX_LANGUAGE_STANDARD = "gnu++0x";
				CLANG_CXX_LIBRARY = "libc++";
				CLANG_ENABLE_MODULES = YES;
				CLANG_ENABLE_OBJC_ARC = YES;
				CLANG_WARN_BOOL_CONVERSION = YES;
				CLANG_WARN_CONSTANT_CONVERSION = YES;
				CLANG_WARN_DIRECT_OBJC_ISA_USAGE = YES_ERROR;
				CLANG_WARN_EMPTY_BODY = YES;
				CLANG_WARN_ENUM_CONVERSION = YES;
				CLANG_WARN_INT_CONVERSION = YES;
				CLANG_WARN_OBJC_ROOT_CLASS = YES_ERROR;
				CLANG_WARN_UNREACHABLE_CODE = YES;
				CLANG_WARN__DUPLICATE_METHOD_MATCH = YES;
				"CODE_SIGN_IDENTITY[sdk=iphoneos*]" = "iPhone Developer";
				COPY_PHASE_STRIP = NO;
				DEBUG_INFORMATION_FORMAT = "dwarf-with-dsym";
				ENABLE_NS_ASSERTIONS = NO;
				ENABLE_STRICT_OBJC_MSGSEND = YES;
				GCC_C_LANGUAGE_STANDARD = gnu99;
				GCC_NO_COMMON_BLOCKS = YES;
				GCC_WARN_64_TO_32_BIT_CONVERSION = YES;
				GCC_WARN_ABOUT_RETURN_TYPE = YES_ERROR;
				GCC_WARN_UNDECLARED_SELECTOR = YES;
				GCC_WARN_UNINITIALIZED_AUTOS = YES_AGGRESSIVE;
				GCC_WARN_UNUSED_FUNCTION = YES;
				GCC_WARN_UNUSED_VARIABLE = YES;
				IPHONEOS_DEPLOYMENT_TARGET = 9.1;
				MTL_ENABLE_DEBUG_INFO = NO;
				SDKROOT = iphoneos;
				TARGETED_DEVICE_FAMILY = "1,2";
				VALIDATE_PRODUCT = YES;
			};
			name = Release;
		};
		24D98B9D1BD61FC200EE79EA /* Debug */ = {
			isa = XCBuildConfiguration;
			buildSettings = {
				ASSETCATALOG_COMPILER_APPICON_NAME = AppIcon;
				INFOPLIST_FILE = iShareNotes/Info.plist;
				LD_RUNPATH_SEARCH_PATHS = "$(inherited) @executable_path/Frameworks";
				PRODUCT_BUNDLE_IDENTIFIER = com.myCompany.iShareNotes;
				PRODUCT_NAME = "$(TARGET_NAME)";
			};
			name = Debug;
		};
		24D98B9E1BD61FC200EE79EA /* Release */ = {
			isa = XCBuildConfiguration;
			buildSettings = {
				ASSETCATALOG_COMPILER_APPICON_NAME = AppIcon;
				INFOPLIST_FILE = iShareNotes/Info.plist;
				LD_RUNPATH_SEARCH_PATHS = "$(inherited) @executable_path/Frameworks";
				PRODUCT_BUNDLE_IDENTIFIER = com.myCompany.iShareNotes;
				PRODUCT_NAME = "$(TARGET_NAME)";
			};
			name = Release;
		};
		24D98BA01BD61FC200EE79EA /* Debug */ = {
			isa = XCBuildConfiguration;
			buildSettings = {
				BUNDLE_LOADER = "$(TEST_HOST)";
				INFOPLIST_FILE = iShareNotesTests/Info.plist;
				LD_RUNPATH_SEARCH_PATHS = "$(inherited) @executable_path/Frameworks @loader_path/Frameworks";
				PRODUCT_BUNDLE_IDENTIFIER = com.myCompany.iShareNotesTests;
				PRODUCT_NAME = "$(TARGET_NAME)";
				TEST_HOST = "$(BUILT_PRODUCTS_DIR)/iShareNotes.app/iShareNotes";
			};
			name = Debug;
		};
		24D98BA11BD61FC200EE79EA /* Release */ = {
			isa = XCBuildConfiguration;
			buildSettings = {
				BUNDLE_LOADER = "$(TEST_HOST)";
				INFOPLIST_FILE = iShareNotesTests/Info.plist;
				LD_RUNPATH_SEARCH_PATHS = "$(inherited) @executable_path/Frameworks @loader_path/Frameworks";
				PRODUCT_BUNDLE_IDENTIFIER = com.myCompany.iShareNotesTests;
				PRODUCT_NAME = "$(TARGET_NAME)";
				TEST_HOST = "$(BUILT_PRODUCTS_DIR)/iShareNotes.app/iShareNotes";
			};
			name = Release;
		};
		24D98BA31BD61FC200EE79EA /* Debug */ = {
			isa = XCBuildConfiguration;
			buildSettings = {
				INFOPLIST_FILE = iShareNotesUITests/Info.plist;
				LD_RUNPATH_SEARCH_PATHS = "$(inherited) @executable_path/Frameworks @loader_path/Frameworks";
				PRODUCT_BUNDLE_IDENTIFIER = com.myCompany.iShareNotesUITests;
				PRODUCT_NAME = "$(TARGET_NAME)";
				TEST_TARGET_NAME = iShareNotes;
				USES_XCTRUNNER = YES;
			};
			name = Debug;
		};
		24D98BA41BD61FC200EE79EA /* Release */ = {
			isa = XCBuildConfiguration;
			buildSettings = {
				INFOPLIST_FILE = iShareNotesUITests/Info.plist;
				LD_RUNPATH_SEARCH_PATHS = "$(inherited) @executable_path/Frameworks @loader_path/Frameworks";
				PRODUCT_BUNDLE_IDENTIFIER = com.myCompany.iShareNotesUITests;
				PRODUCT_NAME = "$(TARGET_NAME)";
				TEST_TARGET_NAME = iShareNotes;
				USES_XCTRUNNER = YES;
			};
			name = Release;
		};
/* End XCBuildConfiguration section */

/* Begin XCConfigurationList section */
		24D98B671BD61FC200EE79EA /* Build configuration list for PBXProject "iShareNotes" */ = {
			isa = XCConfigurationList;
			buildConfigurations = (
				24D98B9A1BD61FC200EE79EA /* Debug */,
				24D98B9B1BD61FC200EE79EA /* Release */,
			);
			defaultConfigurationIsVisible = 0;
			defaultConfigurationName = Release;
		};
		24D98B9C1BD61FC200EE79EA /* Build configuration list for PBXNativeTarget "iShareNotes" */ = {
			isa = XCConfigurationList;
			buildConfigurations = (
				24D98B9D1BD61FC200EE79EA /* Debug */,
				24D98B9E1BD61FC200EE79EA /* Release */,
			);
			defaultConfigurationIsVisible = 0;
		};
		24D98B9F1BD61FC200EE79EA /* Build configuration list for PBXNativeTarget "iShareNotesTests" */ = {
			isa = XCConfigurationList;
			buildConfigurations = (
				24D98BA01BD61FC200EE79EA /* Debug */,
				24D98BA11BD61FC200EE79EA /* Release */,
			);
			defaultConfigurationIsVisible = 0;
		};
		24D98BA21BD61FC200EE79EA /* Build configuration list for PBXNativeTarget "iShareNotesUITests" */ = {
			isa = XCConfigurationList;
			buildConfigurations = (
				24D98BA31BD61FC200EE79EA /* Debug */,
				24D98BA41BD61FC200EE79EA /* Release */,
			);
			defaultConfigurationIsVisible = 0;
		};
/* End XCConfigurationList section */

/* Begin XCVersionGroup section */
		24D98B7B1BD61FC200EE79EA /* iShareNotes.xcdatamodeld */ = {
			isa = XCVersionGroup;
			children = (
				24D98B7C1BD61FC200EE79EA /* iShareNotes.xcdatamodel */,
			);
			currentVersion = 24D98B7C1BD61FC200EE79EA /* iShareNotes.xcdatamodel */;
			path = iShareNotes.xcdatamodeld;
			sourceTree = "<group>";
			versionGroupType = wrapper.xcdatamodel;
		};
/* End XCVersionGroup section */
	};
	rootObject = 24D98B641BD61FC200EE79EA /* Project object */;
}
